// !$*UTF8*$!
{
	archiveVersion = 1;
	classes = {
	};
	objectVersion = 46;
	objects = {

/* Begin PBXBuildFile section */
		986AC7981DAFD6F900C79A63 /* AppDelegate.swift in Sources */ = {isa = PBXBuildFile; fileRef = 986AC7971DAFD6F900C79A63 /* AppDelegate.swift */; };
		986AC79A1DAFD6F900C79A63 /* MainVC.swift in Sources */ = {isa = PBXBuildFile; fileRef = 986AC7991DAFD6F900C79A63 /* MainVC.swift */; };
		986AC79D1DAFD6F900C79A63 /* Main.storyboard in Resources */ = {isa = PBXBuildFile; fileRef = 986AC79B1DAFD6F900C79A63 /* Main.storyboard */; };
		986AC79F1DAFD6F900C79A63 /* Assets.xcassets in Resources */ = {isa = PBXBuildFile; fileRef = 986AC79E1DAFD6F900C79A63 /* Assets.xcassets */; };
		986AC7A21DAFD6F900C79A63 /* LaunchScreen.storyboard in Resources */ = {isa = PBXBuildFile; fileRef = 986AC7A01DAFD6F900C79A63 /* LaunchScreen.storyboard */; };
		989FC3671DB0DE4200938A30 /* VideoVC.swift in Sources */ = {isa = PBXBuildFile; fileRef = 989FC3661DB0DE4200938A30 /* VideoVC.swift */; };
/* End PBXBuildFile section */

/* Begin PBXFileReference section */
		986AC7941DAFD6F900C79A63 /* Party App.app */ = {isa = PBXFileReference; explicitFileType = wrapper.application; includeInIndex = 0; path = "Party App.app"; sourceTree = BUILT_PRODUCTS_DIR; };
		986AC7971DAFD6F900C79A63 /* AppDelegate.swift */ = {isa = PBXFileReference; lastKnownFileType = sourcecode.swift; path = AppDelegate.swift; sourceTree = "<group>"; };
		986AC7991DAFD6F900C79A63 /* MainVC.swift */ = {isa = PBXFileReference; lastKnownFileType = sourcecode.swift; path = MainVC.swift; sourceTree = "<group>"; };
		986AC79C1DAFD6F900C79A63 /* Base */ = {isa = PBXFileReference; lastKnownFileType = file.storyboard; name = Base; path = Base.lproj/Main.storyboard; sourceTree = "<group>"; };
		986AC79E1DAFD6F900C79A63 /* Assets.xcassets */ = {isa = PBXFileReference; lastKnownFileType = folder.assetcatalog; path = Assets.xcassets; sourceTree = "<group>"; };
		986AC7A11DAFD6F900C79A63 /* Base */ = {isa = PBXFileReference; lastKnownFileType = file.storyboard; name = Base; path = Base.lproj/LaunchScreen.storyboard; sourceTree = "<group>"; };
		986AC7A31DAFD6F900C79A63 /* Info.plist */ = {isa = PBXFileReference; lastKnownFileType = text.plist.xml; path = Info.plist; sourceTree = "<group>"; };
		989FC3661DB0DE4200938A30 /* VideoVC.swift */ = {isa = PBXFileReference; fileEncoding = 4; lastKnownFileType = sourcecode.swift; path = VideoVC.swift; sourceTree = "<group>"; };
/* End PBXFileReference section */

/* Begin PBXFrameworksBuildPhase section */
		986AC7911DAFD6F900C79A63 /* Frameworks */ = {
			isa = PBXFrameworksBuildPhase;
			buildActionMask = 2147483647;
			files = (
			);
			runOnlyForDeploymentPostprocessing = 0;
		};
/* End PBXFrameworksBuildPhase section */

/* Begin PBXGroup section */
		986AC78B1DAFD6F900C79A63 = {
			isa = PBXGroup;
			children = (
				986AC7961DAFD6F900C79A63 /* Party App */,
				986AC7951DAFD6F900C79A63 /* Products */,
			);
			sourceTree = "<group>";
		};
		986AC7951DAFD6F900C79A63 /* Products */ = {
			isa = PBXGroup;
			children = (
				986AC7941DAFD6F900C79A63 /* Party App.app */,
			);
			name = Products;
			sourceTree = "<group>";
		};
		986AC7961DAFD6F900C79A63 /* Party App */ = {
			isa = PBXGroup;
			children = (
				986AC7A91DAFD77100C79A63 /* View */,
				986AC7AB1DAFD78D00C79A63 /* Model */,
				986AC7AA1DAFD77F00C79A63 /* Controller */,
				986AC7971DAFD6F900C79A63 /* AppDelegate.swift */,
				986AC79B1DAFD6F900C79A63 /* Main.storyboard */,
				986AC79E1DAFD6F900C79A63 /* Assets.xcassets */,
				986AC7A01DAFD6F900C79A63 /* LaunchScreen.storyboard */,
				986AC7A31DAFD6F900C79A63 /* Info.plist */,
			);
			path = "Party App";
			sourceTree = "<group>";
		};
		986AC7A91DAFD77100C79A63 /* View */ = {
			isa = PBXGroup;
			children = (
			);
			name = View;
			sourceTree = "<group>";
		};
		986AC7AA1DAFD77F00C79A63 /* Controller */ = {
			isa = PBXGroup;
			children = (
				986AC7991DAFD6F900C79A63 /* MainVC.swift */,
				989FC3661DB0DE4200938A30 /* VideoVC.swift */,
			);
			name = Controller;
			sourceTree = "<group>";
		};
		986AC7AB1DAFD78D00C79A63 /* Model */ = {
			isa = PBXGroup;
			children = (
			);
			name = Model;
			sourceTree = "<group>";
		};
/* End PBXGroup section */

/* Begin PBXNativeTarget section */
		986AC7931DAFD6F900C79A63 /* Party App */ = {
			isa = PBXNativeTarget;
			buildConfigurationList = 986AC7A61DAFD6F900C79A63 /* Build configuration list for PBXNativeTarget "Party App" */;
			buildPhases = (
				986AC7901DAFD6F900C79A63 /* Sources */,
				986AC7911DAFD6F900C79A63 /* Frameworks */,
				986AC7921DAFD6F900C79A63 /* Resources */,
			);
			buildRules = (
			);
			dependencies = (
			);
			name = "Party App";
			productName = "Party App";
			productReference = 986AC7941DAFD6F900C79A63 /* Party App.app */;
			productType = "com.apple.product-type.application";
		};
/* End PBXNativeTarget section */

/* Begin PBXProject section */
		986AC78C1DAFD6F900C79A63 /* Project object */ = {
			isa = PBXProject;
			attributes = {
				LastSwiftUpdateCheck = 0800;
				LastUpgradeCheck = 0800;
				ORGANIZATIONNAME = "Vasil Nechev";
				TargetAttributes = {
					986AC7931DAFD6F900C79A63 = {
						CreatedOnToolsVersion = 8.0;
						DevelopmentTeam = 2CA3L22BJ9;
						ProvisioningStyle = Automatic;
					};
				};
			};
			buildConfigurationList = 986AC78F1DAFD6F900C79A63 /* Build configuration list for PBXProject "Party App" */;
			compatibilityVersion = "Xcode 3.2";
			developmentRegion = English;
			hasScannedForEncodings = 0;
			knownRegions = (
				en,
				Base,
			);
			mainGroup = 986AC78B1DAFD6F900C79A63;
			productRefGroup = 986AC7951DAFD6F900C79A63 /* Products */;
			projectDirPath = "";
			projectRoot = "";
			targets = (
				986AC7931DAFD6F900C79A63 /* Party App */,
			);
		};
/* End PBXProject section */

/* Begin PBXResourcesBuildPhase section */
		986AC7921DAFD6F900C79A63 /* Resources */ = {
			isa = PBXResourcesBuildPhase;
			buildActionMask = 2147483647;
			files = (
				986AC7A21DAFD6F900C79A63 /* LaunchScreen.storyboard in Resources */,
				986AC79F1DAFD6F900C79A63 /* Assets.xcassets in Resources */,
				986AC79D1DAFD6F900C79A63 /* Main.storyboard in Resources */,
			);
			runOnlyForDeploymentPostprocessing = 0;
		};
/* End PBXResourcesBuildPhase section */

/* Begin PBXSourcesBuildPhase section */
		986AC7901DAFD6F900C79A63 /* Sources */ = {
			isa = PBXSourcesBuildPhase;
			buildActionMask = 2147483647;
			files = (
				989FC3671DB0DE4200938A30 /* VideoVC.swift in Sources */,
				986AC79A1DAFD6F900C79A63 /* MainVC.swift in Sources */,
				986AC7981DAFD6F900C79A63 /* AppDelegate.swift in Sources */,
			);
			runOnlyForDeploymentPostprocessing = 0;
		};
/* End PBXSourcesBuildPhase section */

/* Begin PBXVariantGroup section */
		986AC79B1DAFD6F900C79A63 /* Main.storyboard */ = {
			isa = PBXVariantGroup;
			children = (
				986AC79C1DAFD6F900C79A63 /* Base */,
			);
			name = Main.storyboard;
			sourceTree = "<group>";
		};
		986AC7A01DAFD6F900C79A63 /* LaunchScreen.storyboard */ = {
			isa = PBXVariantGroup;
			children = (
				986AC7A11DAFD6F900C79A63 /* Base */,
			);
			name = LaunchScreen.storyboard;
			sourceTree = "<group>";
		};
/* End PBXVariantGroup section */

/* Begin XCBuildConfiguration section */
		986AC7A41DAFD6F900C79A63 /* Debug */ = {
			isa = XCBuildConfiguration;
			buildSettings = {
				ALWAYS_SEARCH_USER_PATHS = NO;
				CLANG_ANALYZER_NONNULL = YES;
				CLANG_CXX_LANGUAGE_STANDARD = "gnu++0x";
				CLANG_CXX_LIBRARY = "libc++";
				CLANG_ENABLE_MODULES = YES;
				CLANG_ENABLE_OBJC_ARC = YES;
				CLANG_WARN_BOOL_CONVERSION = YES;
				CLANG_WARN_CONSTANT_CONVERSION = YES;
				CLANG_WARN_DIRECT_OBJC_ISA_USAGE = YES_ERROR;
				CLANG_WARN_DOCUMENTATION_COMMENTS = YES;
				CLANG_WARN_EMPTY_BODY = YES;
				CLANG_WARN_ENUM_CONVERSION = YES;
				CLANG_WARN_INFINITE_RECURSION = YES;
				CLANG_WARN_INT_CONVERSION = YES;
				CLANG_WARN_OBJC_ROOT_CLASS = YES_ERROR;
				CLANG_WARN_SUSPICIOUS_MOVES = YES;
				CLANG_WARN_UNREACHABLE_CODE = YES;
				CLANG_WARN__DUPLICATE_METHOD_MATCH = YES;
				"CODE_SIGN_IDENTITY[sdk=iphoneos*]" = "iPhone Developer";
				COPY_PHASE_STRIP = NO;
				DEBUG_INFORMATION_FORMAT = dwarf;
				ENABLE_STRICT_OBJC_MSGSEND = YES;
				ENABLE_TESTABILITY = YES;
				GCC_C_LANGUAGE_STANDARD = gnu99;
				GCC_DYNAMIC_NO_PIC = NO;
				GCC_NO_COMMON_BLOCKS = YES;
				GCC_OPTIMIZATION_LEVEL = 0;
				GCC_PREPROCESSOR_DEFINITIONS = (
					"DEBUG=1",
					"$(inherited)",
				);
				GCC_WARN_64_TO_32_BIT_CONVERSION = YES;
				GCC_WARN_ABOUT_RETURN_TYPE = YES_ERROR;
				GCC_WARN_UNDECLARED_SELECTOR = YES;
				GCC_WARN_UNINITIALIZED_AUTOS = YES_AGGRESSIVE;
				GCC_WARN_UNUSED_FUNCTION = YES;
				GCC_WARN_UNUSED_VARIABLE = YES;
				IPHONEOS_DEPLOYMENT_TARGET = 10.0;
				MTL_ENABLE_DEBUG_INFO = YES;
				ONLY_ACTIVE_ARCH = YES;
				SDKROOT = iphoneos;
				SWIFT_ACTIVE_COMPILATION_CONDITIONS = DEBUG;
				SWIFT_OPTIMIZATION_LEVEL = "-Onone";
			};
			name = Debug;
		};
		986AC7A51DAFD6F900C79A63 /* Release */ = {
			isa = XCBuildConfiguration;
			buildSettings = {
				ALWAYS_SEARCH_USER_PATHS = NO;
				CLANG_ANALYZER_NONNULL = YES;
				CLANG_CXX_LANGUAGE_STANDARD = "gnu++0x";
				CLANG_CXX_LIBRARY = "libc++";
				CLANG_ENABLE_MODULES = YES;
				CLANG_ENABLE_OBJC_ARC = YES;
				CLANG_WARN_BOOL_CONVERSION = YES;
				CLANG_WARN_CONSTANT_CONVERSION = YES;
				CLANG_WARN_DIRECT_OBJC_ISA_USAGE = YES_ERROR;
				CLANG_WARN_DOCUMENTATION_COMMENTS = YES;
				CLANG_WARN_EMPTY_BODY = YES;
				CLANG_WARN_ENUM_CONVERSION = YES;
				CLANG_WARN_INFINITE_RECURSION = YES;
				CLANG_WARN_INT_CONVERSION = YES;
				CLANG_WARN_OBJC_ROOT_CLASS = YES_ERROR;
				CLANG_WARN_SUSPICIOUS_MOVES = YES;
				CLANG_WARN_UNREACHABLE_CODE = YES;
				CLANG_WARN__DUPLICATE_METHOD_MATCH = YES;
				"CODE_SIGN_IDENTITY[sdk=iphoneos*]" = "iPhone Developer";
				COPY_PHASE_STRIP = NO;
				DEBUG_INFORMATION_FORMAT = "dwarf-with-dsym";
				ENABLE_NS_ASSERTIONS = NO;
				ENABLE_STRICT_OBJC_MSGSEND = YES;
				GCC_C_LANGUAGE_STANDARD = gnu99;
				GCC_NO_COMMON_BLOCKS = YES;
				GCC_WARN_64_TO_32_BIT_CONVERSION = YES;
				GCC_WARN_ABOUT_RETURN_TYPE = YES_ERROR;
				GCC_WARN_UNDECLARED_SELECTOR = YES;
				GCC_WARN_UNINITIALIZED_AUTOS = YES_AGGRESSIVE;
				GCC_WARN_UNUSED_FUNCTION = YES;
				GCC_WARN_UNUSED_VARIABLE = YES;
				IPHONEOS_DEPLOYMENT_TARGET = 10.0;
				MTL_ENABLE_DEBUG_INFO = NO;
				SDKROOT = iphoneos;
				SWIFT_OPTIMIZATION_LEVEL = "-Owholemodule";
				VALIDATE_PRODUCT = YES;
			};
			name = Release;
		};
		986AC7A71DAFD6F900C79A63 /* Debug */ = {
			isa = XCBuildConfiguration;
			buildSettings = {
				ASSETCATALOG_COMPILER_APPICON_NAME = AppIcon;
				DEVELOPMENT_TEAM = 2CA3L22BJ9;
				INFOPLIST_FILE = "Party App/Info.plist";
				LD_RUNPATH_SEARCH_PATHS = "$(inherited) @executable_path/Frameworks";
				PRODUCT_BUNDLE_IDENTIFIER = "com.gmail-vnechev.Party-App";
				PRODUCT_NAME = "$(TARGET_NAME)";
				SWIFT_VERSION = 3.0;
			};
			name = Debug;
		};
		986AC7A81DAFD6F900C79A63 /* Release */ = {
			isa = XCBuildConfiguration;
			buildSettings = {
				ASSETCATALOG_COMPILER_APPICON_NAME = AppIcon;
				DEVELOPMENT_TEAM = 2CA3L22BJ9;
				INFOPLIST_FILE = "Party App/Info.plist";
				LD_RUNPATH_SEARCH_PATHS = "$(inherited) @executable_path/Frameworks";
				PRODUCT_BUNDLE_IDENTIFIER = "com.gmail-vnechev.Party-App";
				PRODUCT_NAME = "$(TARGET_NAME)";
				SWIFT_VERSION = 3.0;
			};
			name = Release;
		};
/* End XCBuildConfiguration section */

/* Begin XCConfigurationList section */
		986AC78F1DAFD6F900C79A63 /* Build configuration list for PBXProject "Party App" */ = {
			isa = XCConfigurationList;
			buildConfigurations = (
				986AC7A41DAFD6F900C79A63 /* Debug */,
				986AC7A51DAFD6F900C79A63 /* Release */,
			);
			defaultConfigurationIsVisible = 0;
			defaultConfigurationName = Release;
		};
		986AC7A61DAFD6F900C79A63 /* Build configuration list for PBXNativeTarget "Party App" */ = {
			isa = XCConfigurationList;
			buildConfigurations = (
				986AC7A71DAFD6F900C79A63 /* Debug */,
				986AC7A81DAFD6F900C79A63 /* Release */,
			);
			defaultConfigurationIsVisible = 0;
			defaultConfigurationName = Release;
		};
/* End XCConfigurationList section */
	};
	rootObject = 986AC78C1DAFD6F900C79A63 /* Project object */;
}
